// !$*UTF8*$!
{
	archiveVersion = 1;
	classes = {
	};
	objectVersion = 77;
	objects = {

/* Begin PBXBuildFile section */
		057E5E45181A7109347D5BD6 /* NativeTests.swift in Sources */ = {isa = PBXBuildFile; fileRef = 1FE0103C84D78619D026CE36 /* NativeTests.swift */; };
		0689F944AEF2CDFA47FDF288 /* Showcase.swift in Sources */ = {isa = PBXBuildFile; fileRef = 3ED3E55D16E584506E47CE0A /* Showcase.swift */; };
		0A171819DCFCE298C675C5C0 /* BudgetSheet.swift in Sources */ = {isa = PBXBuildFile; fileRef = 3A408820914C6A46171EA308 /* BudgetSheet.swift */; };
		0BF4B43F655025E0FAB03BB8 /* FolderTests.swift in Sources */ = {isa = PBXBuildFile; fileRef = 907DB36EF28410ADBD9E020E /* FolderTests.swift */; };
		0CCC42E319D77E285820481A /* Support.swift in Sources */ = {isa = PBXBuildFile; fileRef = C92D970104AAC5C49F9CD4D8 /* Support.swift */; };
		10F8A2A7CB833651DF29BECD /* GitHubLinkSheet.swift in Sources */ = {isa = PBXBuildFile; fileRef = D41D1B012EF1331C03BCA2E6 /* GitHubLinkSheet.swift */; };
		11FAAB6A31C0C576C3EB941D /* ProfileTests.swift in Sources */ = {isa = PBXBuildFile; fileRef = 26BEBFFEFA9AC0152646DF09 /* ProfileTests.swift */; };
		1E05FA3B2B827EFC2331BE0C /* DeliverySheet.swift in Sources */ = {isa = PBXBuildFile; fileRef = 7FB5FC441050E3317B8991F0 /* DeliverySheet.swift */; };
		3AC12D850678A7BB2271279D /* protocol-v1.json in Resources */ = {isa = PBXBuildFile; fileRef = 42A9B68CF8570607A5F249C0 /* protocol-v1.json */; };
		3C4EED5814B08BBDF7EC8885 /* MarkdownView.swift in Sources */ = {isa = PBXBuildFile; fileRef = 38F4AB1689ADAE5395E4FBAA /* MarkdownView.swift */; };
		567B70AF675194AA9F92825B /* EventStoreTests.swift in Sources */ = {isa = PBXBuildFile; fileRef = 6CF21843DC462A7A9217D868 /* EventStoreTests.swift */; };
		67ED57B6A432771B8704B9FD /* TaskMemoryView.swift in Sources */ = {isa = PBXBuildFile; fileRef = D135BBE63087DBB5EA5D481E /* TaskMemoryView.swift */; };
		6A2C60F92438ABC0B1A539E4 /* ContentView.swift in Sources */ = {isa = PBXBuildFile; fileRef = 93055EC6D38BDFBE70B9E3A6 /* ContentView.swift */; };
		6CF7A0ECF2ADF010F3A9D261 /* RepositorySheet.swift in Sources */ = {isa = PBXBuildFile; fileRef = EA2E8E6502E254DC9FD73CF6 /* RepositorySheet.swift */; };
		7041305D8BCE3A33EBDA845E /* StorageSheet.swift in Sources */ = {isa = PBXBuildFile; fileRef = C48A3DEA7409C9DE5605DD96 /* StorageSheet.swift */; };
		7094312A830FF73D28863E5C /* PerformanceTests.swift in Sources */ = {isa = PBXBuildFile; fileRef = 4A79937FCA6A04D77808BF4C /* PerformanceTests.swift */; };
		7D227C8CCA1647CD7A003BBB /* KeychainTests.swift in Sources */ = {isa = PBXBuildFile; fileRef = 55343FEA2CA33016D233394A /* KeychainTests.swift */; };
		7D574A427BCAF1AB80329D0C /* RecoveryTests.swift in Sources */ = {isa = PBXBuildFile; fileRef = 993D2F15577AFDCCC4DD1776 /* RecoveryTests.swift */; };
		818B29CD6B0DE2AF333C7BC0 /* MarkdownTests.swift in Sources */ = {isa = PBXBuildFile; fileRef = 473D45172FE2904B9164003F /* MarkdownTests.swift */; };
		8FB4BCF56384DC20D005BCD4 /* BackupSheet.swift in Sources */ = {isa = PBXBuildFile; fileRef = CC013E6847912FF6B33B5193 /* BackupSheet.swift */; };
		97176B0356A310CF40D7EAC1 /* LagotoApp.swift in Sources */ = {isa = PBXBuildFile; fileRef = 73752F65C1DA41343A4E8692 /* LagotoApp.swift */; };
		9C511C553E8504C27D7CD54B /* ReviewTests.swift in Sources */ = {isa = PBXBuildFile; fileRef = AA490A731A66C2AF2925566A /* ReviewTests.swift */; };
		A8FD202F6250E1C0CC6A47A7 /* EventStore.swift in Sources */ = {isa = PBXBuildFile; fileRef = 2AF3D8CDD84FC1B8AC456A10 /* EventStore.swift */; };
		AA6F7E3A0FFA5D6281E4679C /* Models.swift in Sources */ = {isa = PBXBuildFile; fileRef = 9FA61DC611AADCF7850B5AC3 /* Models.swift */; };
		C630602B9C0BEF8E23047593 /* MessageCards.swift in Sources */ = {isa = PBXBuildFile; fileRef = F752CE5ABBD3F7717EF01DB6 /* MessageCards.swift */; };
		C63A42FAB89BC5275BF05084 /* LayoutTests.swift in Sources */ = {isa = PBXBuildFile; fileRef = AE507660E9244763AE53297E /* LayoutTests.swift */; };
		C763D9DA9E04D79122078CF8 /* ContractTests.swift in Sources */ = {isa = PBXBuildFile; fileRef = 22563657196CA80E8FF22CF2 /* ContractTests.swift */; };
		CD5305DC812B158F59AD9220 /* WorkspaceTests.swift in Sources */ = {isa = PBXBuildFile; fileRef = 0B80C67A5C0E86E3B40F2B16 /* WorkspaceTests.swift */; };
		D0416C52B2DA28DA96F10D28 /* KeyboardTests.swift in Sources */ = {isa = PBXBuildFile; fileRef = 32A30EF8BD784EDB27DFEE93 /* KeyboardTests.swift */; };
		D59EDA89A8FBBFB2ACB2C251 /* ViewModelTests.swift in Sources */ = {isa = PBXBuildFile; fileRef = 0F6A539ABC8B372D09C77FAC /* ViewModelTests.swift */; };
		D92F2363B2AB942C48048587 /* MessageTests.swift in Sources */ = {isa = PBXBuildFile; fileRef = 6E53E5A525B4C9B39EE50C65 /* MessageTests.swift */; };
		D9D4181A4BAB8F5980DAEE5F /* RuntimeBridge.swift in Sources */ = {isa = PBXBuildFile; fileRef = B9060D9EA7DEC91551DB9A5E /* RuntimeBridge.swift */; };
		DC4F7103187920EE48F3C67C /* TaskView.swift in Sources */ = {isa = PBXBuildFile; fileRef = 226F16B94FBB08E86E008F23 /* TaskView.swift */; };
		E2CCF972E276829D8BE99D62 /* GitInitializeSheet.swift in Sources */ = {isa = PBXBuildFile; fileRef = 98103C6764041AB1E35A12CB /* GitInitializeSheet.swift */; };
		E8CB02B8A807AC24587606D4 /* IntegrationsView.swift in Sources */ = {isa = PBXBuildFile; fileRef = B6D30F5B6855CD35FD30B832 /* IntegrationsView.swift */; };
		F62E67792226D897AEFEDBD5 /* WorkspaceColumn.swift in Sources */ = {isa = PBXBuildFile; fileRef = 4FD514762AEFECF4E9FDE9EF /* WorkspaceColumn.swift */; };
		FF9EC7CCD1682F5FAC25A92D /* Keychain.swift in Sources */ = {isa = PBXBuildFile; fileRef = B21BCB82EDB105DBC1A1D966 /* Keychain.swift */; };
/* End PBXBuildFile section */

/* Begin PBXContainerItemProxy section */
		81F8CBBF2E1DDFF117075A5E /* PBXContainerItemProxy */ = {
			isa = PBXContainerItemProxy;
			containerPortal = FCFE93215F19ECBD7FEEE7C7 /* Project object */;
			proxyType = 1;
			remoteGlobalIDString = A9AF438924043FE4A6B80E6A;
			remoteInfo = Lagoto;
		};
		D70F148F05FF33732DD8E98F /* PBXContainerItemProxy */ = {
			isa = PBXContainerItemProxy;
			containerPortal = FCFE93215F19ECBD7FEEE7C7 /* Project object */;
			proxyType = 1;
			remoteGlobalIDString = A9AF438924043FE4A6B80E6A;
			remoteInfo = Lagoto;
		};
/* End PBXContainerItemProxy section */

/* Begin PBXFileReference section */
		0B80C67A5C0E86E3B40F2B16 /* WorkspaceTests.swift */ = {isa = PBXFileReference; lastKnownFileType = sourcecode.swift; path = WorkspaceTests.swift; sourceTree = "<group>"; };
		0F6A539ABC8B372D09C77FAC /* ViewModelTests.swift */ = {isa = PBXFileReference; lastKnownFileType = sourcecode.swift; path = ViewModelTests.swift; sourceTree = "<group>"; };
		1C0F12584FA5B8833857191A /* LagotoUITests.xctest */ = {isa = PBXFileReference; explicitFileType = wrapper.cfbundle; includeInIndex = 0; path = LagotoUITests.xctest; sourceTree = BUILT_PRODUCTS_DIR; };
		1FE0103C84D78619D026CE36 /* NativeTests.swift */ = {isa = PBXFileReference; lastKnownFileType = sourcecode.swift; path = NativeTests.swift; sourceTree = "<group>"; };
		22563657196CA80E8FF22CF2 /* ContractTests.swift */ = {isa = PBXFileReference; lastKnownFileType = sourcecode.swift; path = ContractTests.swift; sourceTree = "<group>"; };
		226F16B94FBB08E86E008F23 /* TaskView.swift */ = {isa = PBXFileReference; lastKnownFileType = sourcecode.swift; path = TaskView.swift; sourceTree = "<group>"; };
		26BEBFFEFA9AC0152646DF09 /* ProfileTests.swift */ = {isa = PBXFileReference; lastKnownFileType = sourcecode.swift; path = ProfileTests.swift; sourceTree = "<group>"; };
		2AF3D8CDD84FC1B8AC456A10 /* EventStore.swift */ = {isa = PBXFileReference; lastKnownFileType = sourcecode.swift; path = EventStore.swift; sourceTree = "<group>"; };
		32A30EF8BD784EDB27DFEE93 /* KeyboardTests.swift */ = {isa = PBXFileReference; lastKnownFileType = sourcecode.swift; path = KeyboardTests.swift; sourceTree = "<group>"; };
		38F4AB1689ADAE5395E4FBAA /* MarkdownView.swift */ = {isa = PBXFileReference; lastKnownFileType = sourcecode.swift; path = MarkdownView.swift; sourceTree = "<group>"; };
		3A408820914C6A46171EA308 /* BudgetSheet.swift */ = {isa = PBXFileReference; lastKnownFileType = sourcecode.swift; path = BudgetSheet.swift; sourceTree = "<group>"; };
		3ED3E55D16E584506E47CE0A /* Showcase.swift */ = {isa = PBXFileReference; lastKnownFileType = sourcecode.swift; path = Showcase.swift; sourceTree = "<group>"; };
		42A9B68CF8570607A5F249C0 /* protocol-v1.json */ = {isa = PBXFileReference; lastKnownFileType = text.json; path = "protocol-v1.json"; sourceTree = "<group>"; };
		473D45172FE2904B9164003F /* MarkdownTests.swift */ = {isa = PBXFileReference; lastKnownFileType = sourcecode.swift; path = MarkdownTests.swift; sourceTree = "<group>"; };
		4A79937FCA6A04D77808BF4C /* PerformanceTests.swift */ = {isa = PBXFileReference; lastKnownFileType = sourcecode.swift; path = PerformanceTests.swift; sourceTree = "<group>"; };
		4FD514762AEFECF4E9FDE9EF /* WorkspaceColumn.swift */ = {isa = PBXFileReference; lastKnownFileType = sourcecode.swift; path = WorkspaceColumn.swift; sourceTree = "<group>"; };
		55343FEA2CA33016D233394A /* KeychainTests.swift */ = {isa = PBXFileReference; lastKnownFileType = sourcecode.swift; path = KeychainTests.swift; sourceTree = "<group>"; };
		6CF21843DC462A7A9217D868 /* EventStoreTests.swift */ = {isa = PBXFileReference; lastKnownFileType = sourcecode.swift; path = EventStoreTests.swift; sourceTree = "<group>"; };
		6E53E5A525B4C9B39EE50C65 /* MessageTests.swift */ = {isa = PBXFileReference; lastKnownFileType = sourcecode.swift; path = MessageTests.swift; sourceTree = "<group>"; };
		73752F65C1DA41343A4E8692 /* LagotoApp.swift */ = {isa = PBXFileReference; lastKnownFileType = sourcecode.swift; path = LagotoApp.swift; sourceTree = "<group>"; };
		7FB5FC441050E3317B8991F0 /* DeliverySheet.swift */ = {isa = PBXFileReference; lastKnownFileType = sourcecode.swift; path = DeliverySheet.swift; sourceTree = "<group>"; };
		84AF7978AA33ED2AA496490A /* Lagoto.app */ = {isa = PBXFileReference; explicitFileType = wrapper.application; includeInIndex = 0; path = Lagoto.app; sourceTree = BUILT_PRODUCTS_DIR; };
		907DB36EF28410ADBD9E020E /* FolderTests.swift */ = {isa = PBXFileReference; lastKnownFileType = sourcecode.swift; path = FolderTests.swift; sourceTree = "<group>"; };
		93055EC6D38BDFBE70B9E3A6 /* ContentView.swift */ = {isa = PBXFileReference; lastKnownFileType = sourcecode.swift; path = ContentView.swift; sourceTree = "<group>"; };
		98103C6764041AB1E35A12CB /* GitInitializeSheet.swift */ = {isa = PBXFileReference; lastKnownFileType = sourcecode.swift; path = GitInitializeSheet.swift; sourceTree = "<group>"; };
		993D2F15577AFDCCC4DD1776 /* RecoveryTests.swift */ = {isa = PBXFileReference; lastKnownFileType = sourcecode.swift; path = RecoveryTests.swift; sourceTree = "<group>"; };
		9FA61DC611AADCF7850B5AC3 /* Models.swift */ = {isa = PBXFileReference; lastKnownFileType = sourcecode.swift; path = Models.swift; sourceTree = "<group>"; };
		AA490A731A66C2AF2925566A /* ReviewTests.swift */ = {isa = PBXFileReference; lastKnownFileType = sourcecode.swift; path = ReviewTests.swift; sourceTree = "<group>"; };
		AE507660E9244763AE53297E /* LayoutTests.swift */ = {isa = PBXFileReference; lastKnownFileType = sourcecode.swift; path = LayoutTests.swift; sourceTree = "<group>"; };
		B21BCB82EDB105DBC1A1D966 /* Keychain.swift */ = {isa = PBXFileReference; lastKnownFileType = sourcecode.swift; path = Keychain.swift; sourceTree = "<group>"; };
		B6D30F5B6855CD35FD30B832 /* IntegrationsView.swift */ = {isa = PBXFileReference; lastKnownFileType = sourcecode.swift; path = IntegrationsView.swift; sourceTree = "<group>"; };
		B9060D9EA7DEC91551DB9A5E /* RuntimeBridge.swift */ = {isa = PBXFileReference; lastKnownFileType = sourcecode.swift; path = RuntimeBridge.swift; sourceTree = "<group>"; };
		C48A3DEA7409C9DE5605DD96 /* StorageSheet.swift */ = {isa = PBXFileReference; lastKnownFileType = sourcecode.swift; path = StorageSheet.swift; sourceTree = "<group>"; };
		C92D970104AAC5C49F9CD4D8 /* Support.swift */ = {isa = PBXFileReference; lastKnownFileType = sourcecode.swift; path = Support.swift; sourceTree = "<group>"; };
		CC013E6847912FF6B33B5193 /* BackupSheet.swift */ = {isa = PBXFileReference; lastKnownFileType = sourcecode.swift; path = BackupSheet.swift; sourceTree = "<group>"; };
		D135BBE63087DBB5EA5D481E /* TaskMemoryView.swift */ = {isa = PBXFileReference; lastKnownFileType = sourcecode.swift; path = TaskMemoryView.swift; sourceTree = "<group>"; };
		D41D1B012EF1331C03BCA2E6 /* GitHubLinkSheet.swift */ = {isa = PBXFileReference; lastKnownFileType = sourcecode.swift; path = GitHubLinkSheet.swift; sourceTree = "<group>"; };
		D73FEEE98D9132CBD62EEBAA /* LagotoTests.xctest */ = {isa = PBXFileReference; explicitFileType = wrapper.cfbundle; includeInIndex = 0; path = LagotoTests.xctest; sourceTree = BUILT_PRODUCTS_DIR; };
		EA2E8E6502E254DC9FD73CF6 /* RepositorySheet.swift */ = {isa = PBXFileReference; lastKnownFileType = sourcecode.swift; path = RepositorySheet.swift; sourceTree = "<group>"; };
		F752CE5ABBD3F7717EF01DB6 /* MessageCards.swift */ = {isa = PBXFileReference; lastKnownFileType = sourcecode.swift; path = MessageCards.swift; sourceTree = "<group>"; };
/* End PBXFileReference section */

/* Begin PBXGroup section */
		0513A385CB0C256704205C32 /* UITests */ = {
			isa = PBXGroup;
			children = (
				907DB36EF28410ADBD9E020E /* FolderTests.swift */,
				32A30EF8BD784EDB27DFEE93 /* KeyboardTests.swift */,
				AE507660E9244763AE53297E /* LayoutTests.swift */,
				6E53E5A525B4C9B39EE50C65 /* MessageTests.swift */,
				1FE0103C84D78619D026CE36 /* NativeTests.swift */,
				4A79937FCA6A04D77808BF4C /* PerformanceTests.swift */,
				26BEBFFEFA9AC0152646DF09 /* ProfileTests.swift */,
				993D2F15577AFDCCC4DD1776 /* RecoveryTests.swift */,
				AA490A731A66C2AF2925566A /* ReviewTests.swift */,
				C92D970104AAC5C49F9CD4D8 /* Support.swift */,
				0B80C67A5C0E86E3B40F2B16 /* WorkspaceTests.swift */,
			);
			path = UITests;
			sourceTree = "<group>";
		};
		0CECA1D4F22E667BB77B2EDB /* Sources */ = {
			isa = PBXGroup;
			children = (
				CC013E6847912FF6B33B5193 /* BackupSheet.swift */,
				3A408820914C6A46171EA308 /* BudgetSheet.swift */,
				93055EC6D38BDFBE70B9E3A6 /* ContentView.swift */,
				7FB5FC441050E3317B8991F0 /* DeliverySheet.swift */,
				2AF3D8CDD84FC1B8AC456A10 /* EventStore.swift */,
				D41D1B012EF1331C03BCA2E6 /* GitHubLinkSheet.swift */,
				98103C6764041AB1E35A12CB /* GitInitializeSheet.swift */,
				B6D30F5B6855CD35FD30B832 /* IntegrationsView.swift */,
				B21BCB82EDB105DBC1A1D966 /* Keychain.swift */,
				73752F65C1DA41343A4E8692 /* LagotoApp.swift */,
				38F4AB1689ADAE5395E4FBAA /* MarkdownView.swift */,
				F752CE5ABBD3F7717EF01DB6 /* MessageCards.swift */,
				9FA61DC611AADCF7850B5AC3 /* Models.swift */,
				EA2E8E6502E254DC9FD73CF6 /* RepositorySheet.swift */,
				B9060D9EA7DEC91551DB9A5E /* RuntimeBridge.swift */,
				3ED3E55D16E584506E47CE0A /* Showcase.swift */,
				C48A3DEA7409C9DE5605DD96 /* StorageSheet.swift */,
				D135BBE63087DBB5EA5D481E /* TaskMemoryView.swift */,
				226F16B94FBB08E86E008F23 /* TaskView.swift */,
				4FD514762AEFECF4E9FDE9EF /* WorkspaceColumn.swift */,
			);
			path = Sources;
			sourceTree = "<group>";
		};
		31ADF10B9AD19BC97B2C70ED /* fixtures */ = {
			isa = PBXGroup;
			children = (
				42A9B68CF8570607A5F249C0 /* protocol-v1.json */,
			);
			name = fixtures;
			path = ../fixtures;
			sourceTree = "<group>";
		};
		5F935C97BE0E9DF1BD7981C5 /* Tests */ = {
			isa = PBXGroup;
			children = (
				22563657196CA80E8FF22CF2 /* ContractTests.swift */,
				6CF21843DC462A7A9217D868 /* EventStoreTests.swift */,
				55343FEA2CA33016D233394A /* KeychainTests.swift */,
				473D45172FE2904B9164003F /* MarkdownTests.swift */,
				0F6A539ABC8B372D09C77FAC /* ViewModelTests.swift */,
			);
			path = Tests;
			sourceTree = "<group>";
		};
		91B97BA7A97A6FD21EC3725C = {
			isa = PBXGroup;
			children = (
				31ADF10B9AD19BC97B2C70ED /* fixtures */,
				0CECA1D4F22E667BB77B2EDB /* Sources */,
				5F935C97BE0E9DF1BD7981C5 /* Tests */,
				0513A385CB0C256704205C32 /* UITests */,
				BEE803BA316D21AB440CE567 /* Products */,
			);
			sourceTree = "<group>";
		};
		BEE803BA316D21AB440CE567 /* Products */ = {
			isa = PBXGroup;
			children = (
				84AF7978AA33ED2AA496490A /* Lagoto.app */,
				D73FEEE98D9132CBD62EEBAA /* LagotoTests.xctest */,
				1C0F12584FA5B8833857191A /* LagotoUITests.xctest */,
			);
			name = Products;
			sourceTree = "<group>";
		};
/* End PBXGroup section */

/* Begin PBXNativeTarget section */
		86171425496F8F3DCC2E8F12 /* LagotoUITests */ = {
			isa = PBXNativeTarget;
			buildConfigurationList = 2E85E0988BD9CC49C11D8FED /* Build configuration list for PBXNativeTarget "LagotoUITests" */;
			buildPhases = (
				25348F1771B8AD822DC28659 /* Sources */,
			);
			buildRules = (
			);
			dependencies = (
				0F41D1908532CAF3CE1A4930 /* PBXTargetDependency */,
			);
			name = LagotoUITests;
			packageProductDependencies = (
			);
			productName = LagotoUITests;
			productReference = 1C0F12584FA5B8833857191A /* LagotoUITests.xctest */;
			productType = "com.apple.product-type.bundle.ui-testing";
		};
		A1970BE72A4F34574B349595 /* LagotoTests */ = {
			isa = PBXNativeTarget;
			buildConfigurationList = CE815580EA31507CCA378B98 /* Build configuration list for PBXNativeTarget "LagotoTests" */;
			buildPhases = (
				4E6F18C0CE41E04E1DF9C48D /* Sources */,
				FD7CA6D999777A7C8A3D0571 /* Resources */,
			);
			buildRules = (
			);
			dependencies = (
				CB49CF2ED94F7A5C7E36B773 /* PBXTargetDependency */,
			);
			name = LagotoTests;
			packageProductDependencies = (
			);
			productName = LagotoTests;
			productReference = D73FEEE98D9132CBD62EEBAA /* LagotoTests.xctest */;
			productType = "com.apple.product-type.bundle.unit-test";
		};
		A9AF438924043FE4A6B80E6A /* Lagoto */ = {
			isa = PBXNativeTarget;
			buildConfigurationList = C472EA19FFB84E8CFAA738DE /* Build configuration list for PBXNativeTarget "Lagoto" */;
			buildPhases = (
				DFF46A9D32335F3FA6D4D59C /* Sources */,
			);
			buildRules = (
			);
			dependencies = (
			);
			name = Lagoto;
			packageProductDependencies = (
			);
			productName = Lagoto;
			productReference = 84AF7978AA33ED2AA496490A /* Lagoto.app */;
			productType = "com.apple.product-type.application";
		};
/* End PBXNativeTarget section */

/* Begin PBXProject section */
		FCFE93215F19ECBD7FEEE7C7 /* Project object */ = {
			isa = PBXProject;
			attributes = {
				BuildIndependentTargetsInParallel = YES;
				LastUpgradeCheck = 1430;
				TargetAttributes = {
					86171425496F8F3DCC2E8F12 = {
						ProvisioningStyle = Manual;
						TestTargetID = A9AF438924043FE4A6B80E6A;
					};
					A1970BE72A4F34574B349595 = {
						ProvisioningStyle = Manual;
					};
					A9AF438924043FE4A6B80E6A = {
						ProvisioningStyle = Manual;
					};
				};
			};
			buildConfigurationList = 9048908A00294B7D9074D2B7 /* Build configuration list for PBXProject "Lagoto" */;
			compatibilityVersion = "Xcode 14.0";
			developmentRegion = en;
			hasScannedForEncodings = 0;
			knownRegions = (
				Base,
				en,
			);
			mainGroup = 91B97BA7A97A6FD21EC3725C;
			minimizedProjectReferenceProxies = 1;
			preferredProjectObjectVersion = 77;
			projectDirPath = "";
			projectRoot = "";
			targets = (
				A9AF438924043FE4A6B80E6A /* Lagoto */,
				A1970BE72A4F34574B349595 /* LagotoTests */,
				86171425496F8F3DCC2E8F12 /* LagotoUITests */,
			);
		};
/* End PBXProject section */

/* Begin PBXResourcesBuildPhase section */
		FD7CA6D999777A7C8A3D0571 /* Resources */ = {
			isa = PBXResourcesBuildPhase;
			buildActionMask = 2147483647;
			files = (
				3AC12D850678A7BB2271279D /* protocol-v1.json in Resources */,
			);
			runOnlyForDeploymentPostprocessing = 0;
		};
/* End PBXResourcesBuildPhase section */

/* Begin PBXSourcesBuildPhase section */
		25348F1771B8AD822DC28659 /* Sources */ = {
			isa = PBXSourcesBuildPhase;
			buildActionMask = 2147483647;
			files = (
				0BF4B43F655025E0FAB03BB8 /* FolderTests.swift in Sources */,
				D0416C52B2DA28DA96F10D28 /* KeyboardTests.swift in Sources */,
				C63A42FAB89BC5275BF05084 /* LayoutTests.swift in Sources */,
				D92F2363B2AB942C48048587 /* MessageTests.swift in Sources */,
				057E5E45181A7109347D5BD6 /* NativeTests.swift in Sources */,
				7094312A830FF73D28863E5C /* PerformanceTests.swift in Sources */,
				11FAAB6A31C0C576C3EB941D /* ProfileTests.swift in Sources */,
				7D574A427BCAF1AB80329D0C /* RecoveryTests.swift in Sources */,
				9C511C553E8504C27D7CD54B /* ReviewTests.swift in Sources */,
				0CCC42E319D77E285820481A /* Support.swift in Sources */,
				CD5305DC812B158F59AD9220 /* WorkspaceTests.swift in Sources */,
			);
			runOnlyForDeploymentPostprocessing = 0;
		};
		4E6F18C0CE41E04E1DF9C48D /* Sources */ = {
			isa = PBXSourcesBuildPhase;
			buildActionMask = 2147483647;
			files = (
				C763D9DA9E04D79122078CF8 /* ContractTests.swift in Sources */,
				567B70AF675194AA9F92825B /* EventStoreTests.swift in Sources */,
				7D227C8CCA1647CD7A003BBB /* KeychainTests.swift in Sources */,
				818B29CD6B0DE2AF333C7BC0 /* MarkdownTests.swift in Sources */,
				D59EDA89A8FBBFB2ACB2C251 /* ViewModelTests.swift in Sources */,
			);
			runOnlyForDeploymentPostprocessing = 0;
		};
		DFF46A9D32335F3FA6D4D59C /* Sources */ = {
			isa = PBXSourcesBuildPhase;
			buildActionMask = 2147483647;
			files = (
				8FB4BCF56384DC20D005BCD4 /* BackupSheet.swift in Sources */,
				0A171819DCFCE298C675C5C0 /* BudgetSheet.swift in Sources */,
				6A2C60F92438ABC0B1A539E4 /* ContentView.swift in Sources */,
				1E05FA3B2B827EFC2331BE0C /* DeliverySheet.swift in Sources */,
				A8FD202F6250E1C0CC6A47A7 /* EventStore.swift in Sources */,
				10F8A2A7CB833651DF29BECD /* GitHubLinkSheet.swift in Sources */,
				E2CCF972E276829D8BE99D62 /* GitInitializeSheet.swift in Sources */,
				E8CB02B8A807AC24587606D4 /* IntegrationsView.swift in Sources */,
				FF9EC7CCD1682F5FAC25A92D /* Keychain.swift in Sources */,
				97176B0356A310CF40D7EAC1 /* LagotoApp.swift in Sources */,
				3C4EED5814B08BBDF7EC8885 /* MarkdownView.swift in Sources */,
				C630602B9C0BEF8E23047593 /* MessageCards.swift in Sources */,
				AA6F7E3A0FFA5D6281E4679C /* Models.swift in Sources */,
				6CF7A0ECF2ADF010F3A9D261 /* RepositorySheet.swift in Sources */,
				D9D4181A4BAB8F5980DAEE5F /* RuntimeBridge.swift in Sources */,
				0689F944AEF2CDFA47FDF288 /* Showcase.swift in Sources */,
				7041305D8BCE3A33EBDA845E /* StorageSheet.swift in Sources */,
				67ED57B6A432771B8704B9FD /* TaskMemoryView.swift in Sources */,
				DC4F7103187920EE48F3C67C /* TaskView.swift in Sources */,
				F62E67792226D897AEFEDBD5 /* WorkspaceColumn.swift in Sources */,
			);
			runOnlyForDeploymentPostprocessing = 0;
		};
/* End PBXSourcesBuildPhase section */

/* Begin PBXTargetDependency section */
		0F41D1908532CAF3CE1A4930 /* PBXTargetDependency */ = {
			isa = PBXTargetDependency;
			target = A9AF438924043FE4A6B80E6A /* Lagoto */;
			targetProxy = D70F148F05FF33732DD8E98F /* PBXContainerItemProxy */;
		};
		CB49CF2ED94F7A5C7E36B773 /* PBXTargetDependency */ = {
			isa = PBXTargetDependency;
			target = A9AF438924043FE4A6B80E6A /* Lagoto */;
			targetProxy = 81F8CBBF2E1DDFF117075A5E /* PBXContainerItemProxy */;
		};
/* End PBXTargetDependency section */

/* Begin XCBuildConfiguration section */
		0E1D0C3C0FEDB42A628547E5 /* Debug */ = {
			isa = XCBuildConfiguration;
			buildSettings = {
				ALWAYS_SEARCH_USER_PATHS = NO;
				ARCHS = arm64;
				CLANG_ANALYZER_NONNULL = YES;
				CLANG_ANALYZER_NUMBER_OBJECT_CONVERSION = YES_AGGRESSIVE;
				CLANG_CXX_LANGUAGE_STANDARD = "gnu++14";
				CLANG_CXX_LIBRARY = "libc++";
				CLANG_ENABLE_MODULES = YES;
				CLANG_ENABLE_OBJC_ARC = YES;
				CLANG_ENABLE_OBJC_WEAK = YES;
				CLANG_WARN_BLOCK_CAPTURE_AUTORELEASING = YES;
				CLANG_WARN_BOOL_CONVERSION = YES;
				CLANG_WARN_COMMA = YES;
				CLANG_WARN_CONSTANT_CONVERSION = YES;
				CLANG_WARN_DEPRECATED_OBJC_IMPLEMENTATIONS = YES;
				CLANG_WARN_DIRECT_OBJC_ISA_USAGE = YES_ERROR;
				CLANG_WARN_DOCUMENTATION_COMMENTS = YES;
				CLANG_WARN_EMPTY_BODY = YES;
				CLANG_WARN_ENUM_CONVERSION = YES;
				CLANG_WARN_INFINITE_RECURSION = YES;
				CLANG_WARN_INT_CONVERSION = YES;
				CLANG_WARN_NON_LITERAL_NULL_CONVERSION = YES;
				CLANG_WARN_OBJC_IMPLICIT_RETAIN_SELF = YES;
				CLANG_WARN_OBJC_LITERAL_CONVERSION = YES;
				CLANG_WARN_OBJC_ROOT_CLASS = YES_ERROR;
				CLANG_WARN_QUOTED_INCLUDE_IN_FRAMEWORK_HEADER = YES;
				CLANG_WARN_RANGE_LOOP_ANALYSIS = YES;
				CLANG_WARN_STRICT_PROTOTYPES = YES;
				CLANG_WARN_SUSPICIOUS_MOVE = YES;
				CLANG_WARN_UNGUARDED_AVAILABILITY = YES_AGGRESSIVE;
				CLANG_WARN_UNREACHABLE_CODE = YES;
				CLANG_WARN__DUPLICATE_METHOD_MATCH = YES;
				CODE_SIGN_IDENTITY = "-";
				CODE_SIGN_STYLE = Manual;
				COPY_PHASE_STRIP = NO;
				CURRENT_PROJECT_VERSION = 1;
				DEBUG_INFORMATION_FORMAT = dwarf;
				ENABLE_HARDENED_RUNTIME = NO;
				ENABLE_STRICT_OBJC_MSGSEND = YES;
				ENABLE_TESTABILITY = YES;
				GCC_C_LANGUAGE_STANDARD = gnu11;
				GCC_DYNAMIC_NO_PIC = NO;
				GCC_NO_COMMON_BLOCKS = YES;
				GCC_OPTIMIZATION_LEVEL = 0;
				GCC_PREPROCESSOR_DEFINITIONS = (
					"$(inherited)",
					"DEBUG=1",
				);
				GCC_WARN_64_TO_32_BIT_CONVERSION = YES;
				GCC_WARN_ABOUT_RETURN_TYPE = YES_ERROR;
				GCC_WARN_UNDECLARED_SELECTOR = YES;
				GCC_WARN_UNINITIALIZED_AUTOS = YES_AGGRESSIVE;
				GCC_WARN_UNUSED_FUNCTION = YES;
				GCC_WARN_UNUSED_VARIABLE = YES;
				GENERATE_INFOPLIST_FILE = YES;
				MACOSX_DEPLOYMENT_TARGET = 15.0;
				MARKETING_VERSION = 0.1.0;
				MTL_ENABLE_DEBUG_INFO = INCLUDE_SOURCE;
				MTL_FAST_MATH = YES;
				ONLY_ACTIVE_ARCH = YES;
				PRODUCT_NAME = "$(TARGET_NAME)";
				SDKROOT = macosx;
				SWIFT_ACTIVE_COMPILATION_CONDITIONS = DEBUG;
				SWIFT_OPTIMIZATION_LEVEL = "-Onone";
				SWIFT_VERSION = 6.0;
			};
			name = Debug;
		};
		6EDF373872A9141560B504D2 /* Release */ = {
			isa = XCBuildConfiguration;
			buildSettings = {
				ASSETCATALOG_COMPILER_APPICON_NAME = AppIcon;
				COMBINE_HIDPI_IMAGES = YES;
				INFOPLIST_KEY_CFBundleDisplayName = Lagoto;
				INFOPLIST_KEY_LSApplicationCategoryType = "public.app-category.developer-tools";
				LD_RUNPATH_SEARCH_PATHS = (
					"$(inherited)",
					"@executable_path/../Frameworks",
				);
				PRODUCT_BUNDLE_IDENTIFIER = org.frasma.lagoto;
				SDKROOT = macosx;
			};
			name = Release;
		};
		8091F0F6C6ECE36988B62E1B /* Debug */ = {
			isa = XCBuildConfiguration;
			buildSettings = {
				BUNDLE_LOADER = "$(TEST_HOST)";
				COMBINE_HIDPI_IMAGES = YES;
				ENABLE_HARDENED_RUNTIME = NO;
				LD_RUNPATH_SEARCH_PATHS = (
					"$(inherited)",
					"@executable_path/Frameworks",
					"@loader_path/Frameworks",
				);
				PRODUCT_BUNDLE_IDENTIFIER = org.frasma.LagotoUITests;
				SDKROOT = macosx;
				TEST_TARGET_NAME = Lagoto;
			};
			name = Debug;
		};
		9124BBB1D5A8FCB380655DCA /* Debug */ = {
			isa = XCBuildConfiguration;
			buildSettings = {
				ASSETCATALOG_COMPILER_APPICON_NAME = AppIcon;
				COMBINE_HIDPI_IMAGES = YES;
				INFOPLIST_KEY_CFBundleDisplayName = Lagoto;
				INFOPLIST_KEY_LSApplicationCategoryType = "public.app-category.developer-tools";
				LD_RUNPATH_SEARCH_PATHS = (
					"$(inherited)",
					"@executable_path/../Frameworks",
				);
				PRODUCT_BUNDLE_IDENTIFIER = org.frasma.lagoto;
				SDKROOT = macosx;
			};
			name = Debug;
		};
		917931B3362A930F05346E4B /* Debug */ = {
			isa = XCBuildConfiguration;
			buildSettings = {
				BUNDLE_LOADER = "$(TEST_HOST)";
				COMBINE_HIDPI_IMAGES = YES;
				ENABLE_HARDENED_RUNTIME = NO;
				LD_RUNPATH_SEARCH_PATHS = (
					"$(inherited)",
					"@executable_path/../Frameworks",
					"@loader_path/../Frameworks",
				);
				PRODUCT_BUNDLE_IDENTIFIER = org.frasma.LagotoTests;
				SDKROOT = macosx;
				TEST_HOST = "$(BUILT_PRODUCTS_DIR)/Lagoto.app/Contents/MacOS/Lagoto";
			};
			name = Debug;
		};
		A9FE57F69EF00492A6852F27 /* Release */ = {
			isa = XCBuildConfiguration;
			buildSettings = {
				BUNDLE_LOADER = "$(TEST_HOST)";
				COMBINE_HIDPI_IMAGES = YES;
				ENABLE_HARDENED_RUNTIME = NO;
				LD_RUNPATH_SEARCH_PATHS = (
					"$(inherited)",
					"@executable_path/../Frameworks",
					"@loader_path/../Frameworks",
				);
				PRODUCT_BUNDLE_IDENTIFIER = org.frasma.LagotoTests;
				SDKROOT = macosx;
				TEST_HOST = "$(BUILT_PRODUCTS_DIR)/Lagoto.app/Contents/MacOS/Lagoto";
			};
			name = Release;
		};
		E5206F9B6FB0B6F8C5803156 /* Release */ = {
			isa = XCBuildConfiguration;
			buildSettings = {
				BUNDLE_LOADER = "$(TEST_HOST)";
				COMBINE_HIDPI_IMAGES = YES;
				ENABLE_HARDENED_RUNTIME = NO;
				LD_RUNPATH_SEARCH_PATHS = (
					"$(inherited)",
					"@executable_path/Frameworks",
					"@loader_path/Frameworks",
				);
				PRODUCT_BUNDLE_IDENTIFIER = org.frasma.LagotoUITests;
				SDKROOT = macosx;
				TEST_TARGET_NAME = Lagoto;
			};
			name = Release;
		};
		E72F5FEBAECEF8B1769E0862 /* Release */ = {
			isa = XCBuildConfiguration;
			buildSettings = {
				ALWAYS_SEARCH_USER_PATHS = NO;
				ARCHS = arm64;
				CLANG_ANALYZER_NONNULL = YES;
				CLANG_ANALYZER_NUMBER_OBJECT_CONVERSION = YES_AGGRESSIVE;
				CLANG_CXX_LANGUAGE_STANDARD = "gnu++14";
				CLANG_CXX_LIBRARY = "libc++";
				CLANG_ENABLE_MODULES = YES;
				CLANG_ENABLE_OBJC_ARC = YES;
				CLANG_ENABLE_OBJC_WEAK = YES;
				CLANG_WARN_BLOCK_CAPTURE_AUTORELEASING = YES;
				CLANG_WARN_BOOL_CONVERSION = YES;
				CLANG_WARN_COMMA = YES;
				CLANG_WARN_CONSTANT_CONVERSION = YES;
				CLANG_WARN_DEPRECATED_OBJC_IMPLEMENTATIONS = YES;
				CLANG_WARN_DIRECT_OBJC_ISA_USAGE = YES_ERROR;
				CLANG_WARN_DOCUMENTATION_COMMENTS = YES;
				CLANG_WARN_EMPTY_BODY = YES;
				CLANG_WARN_ENUM_CONVERSION = YES;
				CLANG_WARN_INFINITE_RECURSION = YES;
				CLANG_WARN_INT_CONVERSION = YES;
				CLANG_WARN_NON_LITERAL_NULL_CONVERSION = YES;
				CLANG_WARN_OBJC_IMPLICIT_RETAIN_SELF = YES;
				CLANG_WARN_OBJC_LITERAL_CONVERSION = YES;
				CLANG_WARN_OBJC_ROOT_CLASS = YES_ERROR;
				CLANG_WARN_QUOTED_INCLUDE_IN_FRAMEWORK_HEADER = YES;
				CLANG_WARN_RANGE_LOOP_ANALYSIS = YES;
				CLANG_WARN_STRICT_PROTOTYPES = YES;
				CLANG_WARN_SUSPICIOUS_MOVE = YES;
				CLANG_WARN_UNGUARDED_AVAILABILITY = YES_AGGRESSIVE;
				CLANG_WARN_UNREACHABLE_CODE = YES;
				CLANG_WARN__DUPLICATE_METHOD_MATCH = YES;
				CODE_SIGN_IDENTITY = "-";
				CODE_SIGN_STYLE = Manual;
				COPY_PHASE_STRIP = NO;
				CURRENT_PROJECT_VERSION = 1;
				DEBUG_INFORMATION_FORMAT = "dwarf-with-dsym";
				ENABLE_HARDENED_RUNTIME = YES;
				ENABLE_NS_ASSERTIONS = NO;
				ENABLE_STRICT_OBJC_MSGSEND = YES;
				GCC_C_LANGUAGE_STANDARD = gnu11;
				GCC_NO_COMMON_BLOCKS = YES;
				GCC_WARN_64_TO_32_BIT_CONVERSION = YES;
				GCC_WARN_ABOUT_RETURN_TYPE = YES_ERROR;
				GCC_WARN_UNDECLARED_SELECTOR = YES;
				GCC_WARN_UNINITIALIZED_AUTOS = YES_AGGRESSIVE;
				GCC_WARN_UNUSED_FUNCTION = YES;
				GCC_WARN_UNUSED_VARIABLE = YES;
				GENERATE_INFOPLIST_FILE = YES;
				MACOSX_DEPLOYMENT_TARGET = 15.0;
				MARKETING_VERSION = 0.1.0;
				MTL_ENABLE_DEBUG_INFO = NO;
				MTL_FAST_MATH = YES;
				PRODUCT_NAME = "$(TARGET_NAME)";
				SDKROOT = macosx;
				SWIFT_COMPILATION_MODE = wholemodule;
				SWIFT_OPTIMIZATION_LEVEL = "-O";
				SWIFT_VERSION = 6.0;
			};
			name = Release;
		};
/* End XCBuildConfiguration section */

/* Begin XCConfigurationList section */
		2E85E0988BD9CC49C11D8FED /* Build configuration list for PBXNativeTarget "LagotoUITests" */ = {
			isa = XCConfigurationList;
			buildConfigurations = (
				8091F0F6C6ECE36988B62E1B /* Debug */,
				E5206F9B6FB0B6F8C5803156 /* Release */,
			);
			defaultConfigurationIsVisible = 0;
			defaultConfigurationName = Debug;
		};
		9048908A00294B7D9074D2B7 /* Build configuration list for PBXProject "Lagoto" */ = {
			isa = XCConfigurationList;
			buildConfigurations = (
				0E1D0C3C0FEDB42A628547E5 /* Debug */,
				E72F5FEBAECEF8B1769E0862 /* Release */,
			);
			defaultConfigurationIsVisible = 0;
			defaultConfigurationName = Debug;
		};
		C472EA19FFB84E8CFAA738DE /* Build configuration list for PBXNativeTarget "Lagoto" */ = {
			isa = XCConfigurationList;
			buildConfigurations = (
				9124BBB1D5A8FCB380655DCA /* Debug */,
				6EDF373872A9141560B504D2 /* Release */,
			);
			defaultConfigurationIsVisible = 0;
			defaultConfigurationName = Debug;
		};
		CE815580EA31507CCA378B98 /* Build configuration list for PBXNativeTarget "LagotoTests" */ = {
			isa = XCConfigurationList;
			buildConfigurations = (
				917931B3362A930F05346E4B /* Debug */,
				A9FE57F69EF00492A6852F27 /* Release */,
			);
			defaultConfigurationIsVisible = 0;
			defaultConfigurationName = Debug;
		};
/* End XCConfigurationList section */
	};
	rootObject = FCFE93215F19ECBD7FEEE7C7 /* Project object */;
}
